github.com/felixge/httpsnoop v1.0.3 h1:s/nj+GCswXYzN5v2DpNMuMQYe+0DDwt5WVCU6CWBdXk=
github.com/felixge/httpsnoop v1.0.3/go.mod h1:m8KPJKqk1gH5J9DgRY2ASl2lWCfGKXixSwevea8zH2U=
github.com/gorilla/handlers v1.5.2 h1:cLTUSsNkgcwhgRqvCNmdbRWG0A3N4F+M2nWKdScwyEE=
github.com/gorilla/handlers v1.5.2/go.mod h1:dX+xVpaxdSw+q0Qek8SSsl3dfMk3jNddUkMzo0GtH0w=
github.com/gorilla/mux v1.8.1 h1:TuBL49tXwgrFYWhqrNgrUNEY92u81SPhu7sTdzQEiWY=
github.com/gorilla/mux v1.8.1/go.mod h1:AKf9I4AEqPTmMytcMc0KkNouC66V3BtZ4qD5fmWSiMQ=
github.com/joho/godotenv v1.5.1 h1:7eLL/+HRGLY0ldzfGMeQkb7vMd0as4CfYvUVzLqw0N0=
github.com/joho/godotenv v1.5.1/go.mod h1:f4LDr5Voq0i2e/R5DDNOoa2zzDfwtkZa6DnEwAbqwq4=
github.com/resend/resend-go/v2 v2.6.0 h1:bHwF79iCYC3V9H7/DL0MAIoz0hiAqM+Rq9G4EhgooyE=
github.com/resend/resend-go/v2 v2.6.0/go.mod h1:ihnxc7wPpSgans8RV8d8dIF4hYWVsqMK5KxXAr9LIos=
github.com/serpapi/google-search-results-golang v0.0.0-20240325113416-ec93f510648e h1:pBW1bjkGQGBdbT7a4IKq4W3H2apMQ7qvf+E/Ng5/0DY=
github.com/serpapi/google-search-results-golang v0.0.0-20240325113416-ec93f510648e/go.mod h1:B4KcaaGbSpn3vq3FxSCsEJrBirStags89KTusB2of58=
